// !$*UTF8*$!
{
	archiveVersion = 1;
	classes = {
	};
	objectVersion = 46;
	objects = {

/* Begin PBXBuildFile section */
		5C35DBD91C28533F00B7B004 /* AppDelegate.swift in Sources */ = {isa = PBXBuildFile; fileRef = 5C35DBD81C28533F00B7B004 /* AppDelegate.swift */; };
		5C35DBDB1C28533F00B7B004 /* ViewController.swift in Sources */ = {isa = PBXBuildFile; fileRef = 5C35DBDA1C28533F00B7B004 /* ViewController.swift */; };
		5C35DBDE1C28533F00B7B004 /* Main.storyboard in Resources */ = {isa = PBXBuildFile; fileRef = 5C35DBDC1C28533F00B7B004 /* Main.storyboard */; };
		5C35DBE01C28533F00B7B004 /* Assets.xcassets in Resources */ = {isa = PBXBuildFile; fileRef = 5C35DBDF1C28533F00B7B004 /* Assets.xcassets */; };
		5C35DBE31C28533F00B7B004 /* LaunchScreen.storyboard in Resources */ = {isa = PBXBuildFile; fileRef = 5C35DBE11C28533F00B7B004 /* LaunchScreen.storyboard */; };
		5C35DBEB1C28548F00B7B004 /* LoadingView.xib in Resources */ = {isa = PBXBuildFile; fileRef = 5C35DBEA1C28548F00B7B004 /* LoadingView.xib */; };
		5C35DBED1C2854A000B7B004 /* LoadingView.swift in Sources */ = {isa = PBXBuildFile; fileRef = 5C35DBEC1C2854A000B7B004 /* LoadingView.swift */; };
		5C35DBF11C28573900B7B004 /* String.swift in Sources */ = {isa = PBXBuildFile; fileRef = 5C35DBF01C28573900B7B004 /* String.swift */; };
/* End PBXBuildFile section */

/* Begin PBXFileReference section */
		5C35DBD51C28533F00B7B004 /* SimpleLoadingSample.app */ = {isa = PBXFileReference; explicitFileType = wrapper.application; includeInIndex = 0; path = SimpleLoadingSample.app; sourceTree = BUILT_PRODUCTS_DIR; };
		5C35DBD81C28533F00B7B004 /* AppDelegate.swift */ = {isa = PBXFileReference; lastKnownFileType = sourcecode.swift; path = AppDelegate.swift; sourceTree = "<group>"; };
		5C35DBDA1C28533F00B7B004 /* ViewController.swift */ = {isa = PBXFileReference; lastKnownFileType = sourcecode.swift; path = ViewController.swift; sourceTree = "<group>"; };
		5C35DBDD1C28533F00B7B004 /* Base */ = {isa = PBXFileReference; lastKnownFileType = file.storyboard; name = Base; path = Base.lproj/Main.storyboard; sourceTree = "<group>"; };
		5C35DBDF1C28533F00B7B004 /* Assets.xcassets */ = {isa = PBXFileReference; lastKnownFileType = folder.assetcatalog; path = Assets.xcassets; sourceTree = "<group>"; };
		5C35DBE21C28533F00B7B004 /* Base */ = {isa = PBXFileReference; lastKnownFileType = file.storyboard; name = Base; path = Base.lproj/LaunchScreen.storyboard; sourceTree = "<group>"; };
		5C35DBE41C28533F00B7B004 /* Info.plist */ = {isa = PBXFileReference; lastKnownFileType = text.plist.xml; path = Info.plist; sourceTree = "<group>"; };
		5C35DBEA1C28548F00B7B004 /* LoadingView.xib */ = {isa = PBXFileReference; fileEncoding = 4; lastKnownFileType = file.xib; path = LoadingView.xib; sourceTree = "<group>"; };
		5C35DBEC1C2854A000B7B004 /* LoadingView.swift */ = {isa = PBXFileReference; fileEncoding = 4; lastKnownFileType = sourcecode.swift; path = LoadingView.swift; sourceTree = "<group>"; };
		5C35DBF01C28573900B7B004 /* String.swift */ = {isa = PBXFileReference; fileEncoding = 4; lastKnownFileType = sourcecode.swift; path = String.swift; sourceTree = "<group>"; };
/* End PBXFileReference section */

/* Begin PBXFrameworksBuildPhase section */
		5C35DBD21C28533F00B7B004 /* Frameworks */ = {
			isa = PBXFrameworksBuildPhase;
			buildActionMask = 2147483647;
			files = (
			);
			runOnlyForDeploymentPostprocessing = 0;
		};
/* End PBXFrameworksBuildPhase section */

/* Begin PBXGroup section */
		5C35DBCC1C28533F00B7B004 = {
			isa = PBXGroup;
			children = (
				5C35DBD71C28533F00B7B004 /* SimpleLoadingSample */,
				5C35DBD61C28533F00B7B004 /* Products */,
			);
			sourceTree = "<group>";
		};
		5C35DBD61C28533F00B7B004 /* Products */ = {
			isa = PBXGroup;
			children = (
				5C35DBD51C28533F00B7B004 /* SimpleLoadingSample.app */,
			);
			name = Products;
			sourceTree = "<group>";
		};
		5C35DBD71C28533F00B7B004 /* SimpleLoadingSample */ = {
			isa = PBXGroup;
			children = (
				5C35DBE41C28533F00B7B004 /* Info.plist */,
				5C35DBEF1C28572700B7B004 /* Extension */,
				5C35DBEE1C2854CD00B7B004 /* LoadingView */,
				5C35DBD81C28533F00B7B004 /* AppDelegate.swift */,
				5C35DBDA1C28533F00B7B004 /* ViewController.swift */,
				5C35DBDF1C28533F00B7B004 /* Assets.xcassets */,
				5C35DBE11C28533F00B7B004 /* LaunchScreen.storyboard */,
				5C35DBDC1C28533F00B7B004 /* Main.storyboard */,
			);
			path = SimpleLoadingSample;
			sourceTree = "<group>";
		};
		5C35DBEE1C2854CD00B7B004 /* LoadingView */ = {
			isa = PBXGroup;
			children = (
				5C35DBEA1C28548F00B7B004 /* LoadingView.xib */,
				5C35DBEC1C2854A000B7B004 /* LoadingView.swift */,
			);
			name = LoadingView;
			sourceTree = "<group>";
		};
		5C35DBEF1C28572700B7B004 /* Extension */ = {
			isa = PBXGroup;
			children = (
				5C35DBF01C28573900B7B004 /* String.swift */,
			);
			name = Extension;
			sourceTree = "<group>";
		};
/* End PBXGroup section */

/* Begin PBXNativeTarget section */
		5C35DBD41C28533F00B7B004 /* SimpleLoadingSample */ = {
			isa = PBXNativeTarget;
			buildConfigurationList = 5C35DBE71C28533F00B7B004 /* Build configuration list for PBXNativeTarget "SimpleLoadingSample" */;
			buildPhases = (
				5C35DBD11C28533F00B7B004 /* Sources */,
				5C35DBD21C28533F00B7B004 /* Frameworks */,
				5C35DBD31C28533F00B7B004 /* Resources */,
			);
			buildRules = (
			);
			dependencies = (
			);
			name = SimpleLoadingSample;
			productName = SimpleLoadingSample;
			productReference = 5C35DBD51C28533F00B7B004 /* SimpleLoadingSample.app */;
			productType = "com.apple.product-type.application";
		};
/* End PBXNativeTarget section */

/* Begin PBXProject section */
		5C35DBCD1C28533F00B7B004 /* Project object */ = {
			isa = PBXProject;
			attributes = {
				LastSwiftUpdateCheck = 0720;
				LastUpgradeCheck = 0720;
				ORGANIZATIONNAME = personal;
				TargetAttributes = {
					5C35DBD41C28533F00B7B004 = {
						CreatedOnToolsVersion = 7.2;
					};
				};
			};
			buildConfigurationList = 5C35DBD01C28533F00B7B004 /* Build configuration list for PBXProject "SimpleLoadingSample" */;
			compatibilityVersion = "Xcode 3.2";
			developmentRegion = English;
			hasScannedForEncodings = 0;
			knownRegions = (
				en,
				Base,
			);
			mainGroup = 5C35DBCC1C28533F00B7B004;
			productRefGroup = 5C35DBD61C28533F00B7B004 /* Products */;
			projectDirPath = "";
			projectRoot = "";
			targets = (
				5C35DBD41C28533F00B7B004 /* SimpleLoadingSample */,
			);
		};
/* End PBXProject section */

/* Begin PBXResourcesBuildPhase section */
		5C35DBD31C28533F00B7B004 /* Resources */ = {
			isa = PBXResourcesBuildPhase;
			buildActionMask = 2147483647;
			files = (
				5C35DBE31C28533F00B7B004 /* LaunchScreen.storyboard in Resources */,
				5C35DBEB1C28548F00B7B004 /* LoadingView.xib in Resources */,
				5C35DBE01C28533F00B7B004 /* Assets.xcassets in Resources */,
				5C35DBDE1C28533F00B7B004 /* Main.storyboard in Resources */,
			);
			runOnlyForDeploymentPostprocessing = 0;
		};
/* End PBXResourcesBuildPhase section */

/* Begin PBXSourcesBuildPhase section */
		5C35DBD11C28533F00B7B004 /* Sources */ = {
			isa = PBXSourcesBuildPhase;
			buildActionMask = 2147483647;
			files = (
				5C35DBDB1C28533F00B7B004 /* ViewController.swift in Sources */,
				5C35DBD91C28533F00B7B004 /* AppDelegate.swift in Sources */,
				5C35DBF11C28573900B7B004 /* String.swift in Sources */,
				5C35DBED1C2854A000B7B004 /* LoadingView.swift in Sources */,
			);
			runOnlyForDeploymentPostprocessing = 0;
		};
/* End PBXSourcesBuildPhase section */

/* Begin PBXVariantGroup section */
		5C35DBDC1C28533F00B7B004 /* Main.storyboard */ = {
			isa = PBXVariantGroup;
			children = (
				5C35DBDD1C28533F00B7B004 /* Base */,
			);
			name = Main.storyboard;
			sourceTree = "<group>";
		};
		5C35DBE11C28533F00B7B004 /* LaunchScreen.storyboard */ = {
			isa = PBXVariantGroup;
			children = (
				5C35DBE21C28533F00B7B004 /* Base */,
			);
			name = LaunchScreen.storyboard;
			sourceTree = "<group>";
		};
/* End PBXVariantGroup section */

/* Begin XCBuildConfiguration section */
		5C35DBE51C28533F00B7B004 /* Debug */ = {
			isa = XCBuildConfiguration;
			buildSettings = {
				ALWAYS_SEARCH_USER_PATHS = NO;
				CLANG_CXX_LANGUAGE_STANDARD = "gnu++0x";
				CLANG_CXX_LIBRARY = "libc++";
				CLANG_ENABLE_MODULES = YES;
				CLANG_ENABLE_OBJC_ARC = YES;
				CLANG_WARN_BOOL_CONVERSION = YES;
				CLANG_WARN_CONSTANT_CONVERSION = YES;
				CLANG_WARN_DIRECT_OBJC_ISA_USAGE = YES_ERROR;
				CLANG_WARN_EMPTY_BODY = YES;
				CLANG_WARN_ENUM_CONVERSION = YES;
				CLANG_WARN_INT_CONVERSION = YES;
				CLANG_WARN_OBJC_ROOT_CLASS = YES_ERROR;
				CLANG_WARN_UNREACHABLE_CODE = YES;
				CLANG_WARN__DUPLICATE_METHOD_MATCH = YES;
				"CODE_SIGN_IDENTITY[sdk=iphoneos*]" = "iPhone Developer";
				COPY_PHASE_STRIP = NO;
				DEBUG_INFORMATION_FORMAT = dwarf;
				ENABLE_STRICT_OBJC_MSGSEND = YES;
				ENABLE_TESTABILITY = YES;
				GCC_C_LANGUAGE_STANDARD = gnu99;
				GCC_DYNAMIC_NO_PIC = NO;
				GCC_NO_COMMON_BLOCKS = YES;
				GCC_OPTIMIZATION_LEVEL = 0;
				GCC_PREPROCESSOR_DEFINITIONS = (
					"DEBUG=1",
					"$(inherited)",
				);
				GCC_WARN_64_TO_32_BIT_CONVERSION = YES;
				GCC_WARN_ABOUT_RETURN_TYPE = YES_ERROR;
				GCC_WARN_UNDECLARED_SELECTOR = YES;
				GCC_WARN_UNINITIALIZED_AUTOS = YES_AGGRESSIVE;
				GCC_WARN_UNUSED_FUNCTION = YES;
				GCC_WARN_UNUSED_VARIABLE = YES;
				IPHONEOS_DEPLOYMENT_TARGET = 9.2;
				MTL_ENABLE_DEBUG_INFO = YES;
				ONLY_ACTIVE_ARCH = YES;
				SDKROOT = iphoneos;
				SWIFT_OPTIMIZATION_LEVEL = "-Onone";
				TARGETED_DEVICE_FAMILY = "1,2";
			};
			name = Debug;
		};
		5C35DBE61C28533F00B7B004 /* Release */ = {
			isa = XCBuildConfiguration;
			buildSettings = {
				ALWAYS_SEARCH_USER_PATHS = NO;
				CLANG_CXX_LANGUAGE_STANDARD = "gnu++0x";
				CLANG_CXX_LIBRARY = "libc++";
				CLANG_ENABLE_MODULES = YES;
				CLANG_ENABLE_OBJC_ARC = YES;
				CLANG_WARN_BOOL_CONVERSION = YES;
				CLANG_WARN_CONSTANT_CONVERSION = YES;
				CLANG_WARN_DIRECT_OBJC_ISA_USAGE = YES_ERROR;
				CLANG_WARN_EMPTY_BODY = YES;
				CLANG_WARN_ENUM_CONVERSION = YES;
				CLANG_WARN_INT_CONVERSION = YES;
				CLANG_WARN_OBJC_ROOT_CLASS = YES_ERROR;
				CLANG_WARN_UNREACHABLE_CODE = YES;
				CLANG_WARN__DUPLICATE_METHOD_MATCH = YES;
				"CODE_SIGN_IDENTITY[sdk=iphoneos*]" = "iPhone Developer";
				COPY_PHASE_STRIP = NO;
				DEBUG_INFORMATION_FORMAT = "dwarf-with-dsym";
				ENABLE_NS_ASSERTIONS = NO;
				ENABLE_STRICT_OBJC_MSGSEND = YES;
				GCC_C_LANGUAGE_STANDARD = gnu99;
				GCC_NO_COMMON_BLOCKS = YES;
				GCC_WARN_64_TO_32_BIT_CONVERSION = YES;
				GCC_WARN_ABOUT_RETURN_TYPE = YES_ERROR;
				GCC_WARN_UNDECLARED_SELECTOR = YES;
				GCC_WARN_UNINITIALIZED_AUTOS = YES_AGGRESSIVE;
				GCC_WARN_UNUSED_FUNCTION = YES;
				GCC_WARN_UNUSED_VARIABLE = YES;
				IPHONEOS_DEPLOYMENT_TARGET = 9.2;
				MTL_ENABLE_DEBUG_INFO = NO;
				SDKROOT = iphoneos;
				TARGETED_DEVICE_FAMILY = "1,2";
				VALIDATE_PRODUCT = YES;
			};
			name = Release;
		};
		5C35DBE81C28533F00B7B004 /* Debug */ = {
			isa = XCBuildConfiguration;
			buildSettings = {
				ASSETCATALOG_COMPILER_APPICON_NAME = AppIcon;
				INFOPLIST_FILE = SimpleLoadingSample/Info.plist;
				LD_RUNPATH_SEARCH_PATHS = "$(inherited) @executable_path/Frameworks";
				PRODUCT_BUNDLE_IDENTIFIER = personal.SimpleLoadingSample;
				PRODUCT_NAME = "$(TARGET_NAME)";
			};
			name = Debug;
		};
		5C35DBE91C28533F00B7B004 /* Release */ = {
			isa = XCBuildConfiguration;
			buildSettings = {
				ASSETCATALOG_COMPILER_APPICON_NAME = AppIcon;
				INFOPLIST_FILE = SimpleLoadingSample/Info.plist;
				LD_RUNPATH_SEARCH_PATHS = "$(inherited) @executable_path/Frameworks";
				PRODUCT_BUNDLE_IDENTIFIER = personal.SimpleLoadingSample;
				PRODUCT_NAME = "$(TARGET_NAME)";
			};
			name = Release;
		};
/* End XCBuildConfiguration section */

/* Begin XCConfigurationList section */
		5C35DBD01C28533F00B7B004 /* Build configuration list for PBXProject "SimpleLoadingSample" */ = {
			isa = XCConfigurationList;
			buildConfigurations = (
				5C35DBE51C28533F00B7B004 /* Debug */,
				5C35DBE61C28533F00B7B004 /* Release */,
			);
			defaultConfigurationIsVisible = 0;
			defaultConfigurationName = Release;
		};
		5C35DBE71C28533F00B7B004 /* Build configuration list for PBXNativeTarget "SimpleLoadingSample" */ = {
			isa = XCConfigurationList;
			buildConfigurations = (
				5C35DBE81C28533F00B7B004 /* Debug */,
				5C35DBE91C28533F00B7B004 /* Release */,
			);
			defaultConfigurationIsVisible = 0;
		};
/* End XCConfigurationList section */
	};
	rootObject = 5C35DBCD1C28533F00B7B004 /* Project object */;
}
